
Microsoft Visual Studio Solution File, Format Version 12.00
# Visual Studio Version 17
VisualStudioVersion = 17.6.33829.357
MinimumVisualStudioVersion = 10.0.40219.1
Project("{FAE04EC0-301F-11D3-BF4B-00C04F79EFBC}") = "AtOSkinExtender", "AtOSkinExtender.csproj", "{D0A68A4E-74B5-43AE-9163-05855834761B}"
EndProject
Global
	GlobalSection(SolutionConfigurationPlatforms) = preSolution
		Debug|Any CPU = Debug|Any CPU
		Release|Any CPU = Release|Any CPU
	EndGlobalSection
	GlobalSection(ProjectConfigurationPlatforms) = postSolution
		{D0A68A4E-74B5-43AE-9163-05855834761B}.Debug|Any CPU.ActiveCfg = Debug|Any CPU
		{D0A68A4E-74B5-43AE-9163-05855834761B}.Debug|Any CPU.Build.0 = Debug|Any CPU
		{D0A68A4E-74B5-43AE-9163-05855834761B}.Release|Any CPU.ActiveCfg = Release|Any CPU
		{D0A68A4E-74B5-43AE-9163-05855834761B}.Release|Any CPU.Build.0 = Release|Any CPU
	EndGlobalSection
	GlobalSection(SolutionProperties) = preSolution
		HideSolutionNode = FALSE
	EndGlobalSection
	GlobalSection(ExtensibilityGlobals) = postSolution
		SolutionGuid = {ED7AFF01-71F0-4DE3-9F64-8483D0209757}
	EndGlobalSection
EndGlobal
